
Microsoft Visual Studio Solution File, Format Version 12.00
# Visual Studio 15
VisualStudioVersion = 15.0.28307.329
MinimumVisualStudioVersion = 10.0.40219.1
Project("{8BC9CEB8-8B4A-11D0-8D11-00A0C91BC942}") = "calib_camera2", "util\calib_camera2\calib_camera2.vcxproj", "{3BDB6FFC-315B-45DB-89A1-14E86A7277FC}"
EndProject
Project("{8BC9CEB8-8B4A-11D0-8D11-00A0C91BC942}") = "calib_cparam", "util\calib_cparam\calib_cparam.vcxproj", "{3A5DB097-FE73-4671-8019-D2A6EB742BCC}"
EndProject
Project("{8BC9CEB8-8B4A-11D0-8D11-00A0C91BC942}") = "calib_distortion", "util\calib_distortion\calib_distortion.vcxproj", "{5230AEEC-681A-4C8C-9DB1-9E9986B2769E}"
EndProject
Project("{8BC9CEB8-8B4A-11D0-8D11-00A0C91BC942}") = "collideTest", "examples\collide\collideTest.vcxproj", "{47613424-43C3-4C28-ADEC-6ECE09D99B4C}"
EndProject
Project("{8BC9CEB8-8B4A-11D0-8D11-00A0C91BC942}") = "exview", "examples\exview\exview.vcxproj", "{415B3B82-ABEF-4558-95D6-0DE9E9F98CEE}"
EndProject
Project("{8BC9CEB8-8B4A-11D0-8D11-00A0C91BC942}") = "graphicsTest", "util\graphicsTest\graphicsTest.vcxproj", "{D348133C-B49B-411A-8969-7CCD7B0F9860}"
EndProject
Project("{8BC9CEB8-8B4A-11D0-8D11-00A0C91BC942}") = "libAR", "lib\SRC\AR\libAR.vcxproj", "{439DBE1C-9378-4F71-91CF-05C3B3EE8375}"
EndProject
Project("{8BC9CEB8-8B4A-11D0-8D11-00A0C91BC942}") = "libARgsub", "lib\SRC\Gl\libARgsub.vcxproj", "{401F0F18-4D82-457E-B0FE-3D2ED252A23E}"
EndProject
Project("{8BC9CEB8-8B4A-11D0-8D11-00A0C91BC942}") = "libARgsubUtil", "lib\SRC\Gl\libARgsubUtil.vcxproj", "{BDE9C0AB-423E-4CC8-A845-4701CAD9877D}"
EndProject
Project("{8BC9CEB8-8B4A-11D0-8D11-00A0C91BC942}") = "libARgsub_lite", "lib\SRC\Gl\libARgsub_lite.vcxproj", "{088F06EF-F72A-4768-BAEC-31C805FD7BCE}"
EndProject
Project("{8BC9CEB8-8B4A-11D0-8D11-00A0C91BC942}") = "libARmulti", "lib\SRC\ARMulti\libARmulti.vcxproj", "{25B9E434-D495-464E-991B-CD7C7B708560}"
EndProject
Project("{8BC9CEB8-8B4A-11D0-8D11-00A0C91BC942}") = "libARvideo", "lib\SRC\VIDEOWIN32DIRECTSHOW\libARvideo.vcxproj", "{9CB89F6D-3914-432E-9F0A-F4591049056C}"
EndProject
Project("{8BC9CEB8-8B4A-11D0-8D11-00A0C91BC942}") = "loadMultiple", "examples\loadMultiple\loadMultiple.vcxproj", "{BDA2FD42-B532-4C48-91C9-424B83BD247F}"
EndProject
Project("{8BC9CEB8-8B4A-11D0-8D11-00A0C91BC942}") = "mkpatt", "util\mk_patt\mkpatt.vcxproj", "{36D62F6B-1B7B-43B3-97DC-EDA64483E4A6}"
EndProject
Project("{8BC9CEB8-8B4A-11D0-8D11-00A0C91BC942}") = "modeTest", "examples\modeTest\modeTest.vcxproj", "{A024F7FB-5635-491F-86B0-B3B8F72E5B5F}"
EndProject
Project("{8BC9CEB8-8B4A-11D0-8D11-00A0C91BC942}") = "multi", "examples\multi\multiTest.vcxproj", "{49DACBB5-F7B9-4658-A9BE-370425B0526E}"
EndProject
Project("{8BC9CEB8-8B4A-11D0-8D11-00A0C91BC942}") = "optical", "examples\optical\optical.vcxproj", "{1DA56C26-3926-4D4D-A0A4-EA2290156408}"
EndProject
Project("{8BC9CEB8-8B4A-11D0-8D11-00A0C91BC942}") = "paddleTest", "examples\paddle\paddleTest.vcxproj", "{AC0D261C-D877-425E-8509-B18289C6A744}"
EndProject
Project("{8BC9CEB8-8B4A-11D0-8D11-00A0C91BC942}") = "paddleDemo", "examples\paddleDemo\paddleDemo.vcxproj", "{2D094B41-7CEA-4C25-9015-C8AF30EA2DB9}"
EndProject
Project("{8BC9CEB8-8B4A-11D0-8D11-00A0C91BC942}") = "paddleInteractionTest", "examples\paddleInteraction\paddleInteractionTest.vcxproj", "{B53FB34A-EB41-4986-93B7-1715F1C9F600}"
EndProject
Project("{8BC9CEB8-8B4A-11D0-8D11-00A0C91BC942}") = "rangeTest", "examples\range\rangeTest.vcxproj", "{0CA34DAE-7774-4CC9-8E0E-A26A2763125D}"
EndProject
Project("{8BC9CEB8-8B4A-11D0-8D11-00A0C91BC942}") = "relationTest", "examples\relation\relationTest.vcxproj", "{2CCC0A69-EAED-4E2A-8599-AB5760DCD150}"
EndProject
Project("{8BC9CEB8-8B4A-11D0-8D11-00A0C91BC942}") = "simpleTest", "examples\simple\simpleTest.vcxproj", "{62951E22-4BFB-4C5C-9152-DA7CEE996ADD}"
EndProject
Project("{8BC9CEB8-8B4A-11D0-8D11-00A0C91BC942}") = "simpleTest2", "examples\simple2\simpleTest2.vcxproj", "{64988E39-0CD0-4DBD-9C40-BA322E935C94}"
EndProject
Project("{8BC9CEB8-8B4A-11D0-8D11-00A0C91BC942}") = "simpleLite", "examples\simpleLite\simpleLite.vcxproj", "{FC4A1B23-ECCF-4A16-820C-39F4B6D51CE2}"
EndProject
Project("{8BC9CEB8-8B4A-11D0-8D11-00A0C91BC942}") = "twoView", "examples\twoView\twoView.vcxproj", "{6A624D1B-CB84-4143-B5D8-99E3CD41B87B}"
EndProject
Project("{8BC9CEB8-8B4A-11D0-8D11-00A0C91BC942}") = "videoTest", "util\videoTest\videoTest.vcxproj", "{06D312C7-0C54-4958-AD9A-CDFACF215040}"
EndProject
Global
	GlobalSection(SolutionConfigurationPlatforms) = preSolution
		Debug|x86 = Debug|x86
		Release|x86 = Release|x86
		Template|x86 = Template|x86
	EndGlobalSection
	GlobalSection(ProjectConfigurationPlatforms) = postSolution
		{3BDB6FFC-315B-45DB-89A1-14E86A7277FC}.Debug|x86.ActiveCfg = Debug|Win32
		{3BDB6FFC-315B-45DB-89A1-14E86A7277FC}.Debug|x86.Build.0 = Debug|Win32
		{3BDB6FFC-315B-45DB-89A1-14E86A7277FC}.Release|x86.ActiveCfg = Release|Win32
		{3BDB6FFC-315B-45DB-89A1-14E86A7277FC}.Release|x86.Build.0 = Release|Win32
		{3BDB6FFC-315B-45DB-89A1-14E86A7277FC}.Template|x86.ActiveCfg = Release|Win32
		{3BDB6FFC-315B-45DB-89A1-14E86A7277FC}.Template|x86.Build.0 = Release|Win32
		{3A5DB097-FE73-4671-8019-D2A6EB742BCC}.Debug|x86.ActiveCfg = Debug|Win32
		{3A5DB097-FE73-4671-8019-D2A6EB742BCC}.Debug|x86.Build.0 = Debug|Win32
		{3A5DB097-FE73-4671-8019-D2A6EB742BCC}.Release|x86.ActiveCfg = Release|Win32
		{3A5DB097-FE73-4671-8019-D2A6EB742BCC}.Release|x86.Build.0 = Release|Win32
		{3A5DB097-FE73-4671-8019-D2A6EB742BCC}.Template|x86.ActiveCfg = Template|Win32
		{3A5DB097-FE73-4671-8019-D2A6EB742BCC}.Template|x86.Build.0 = Template|Win32
		{5230AEEC-681A-4C8C-9DB1-9E9986B2769E}.Debug|x86.ActiveCfg = Debug|Win32
		{5230AEEC-681A-4C8C-9DB1-9E9986B2769E}.Debug|x86.Build.0 = Debug|Win32
		{5230AEEC-681A-4C8C-9DB1-9E9986B2769E}.Release|x86.ActiveCfg = Release|Win32
		{5230AEEC-681A-4C8C-9DB1-9E9986B2769E}.Release|x86.Build.0 = Release|Win32
		{5230AEEC-681A-4C8C-9DB1-9E9986B2769E}.Template|x86.ActiveCfg = Template|Win32
		{5230AEEC-681A-4C8C-9DB1-9E9986B2769E}.Template|x86.Build.0 = Template|Win32
		{47613424-43C3-4C28-ADEC-6ECE09D99B4C}.Debug|x86.ActiveCfg = Debug|Win32
		{47613424-43C3-4C28-ADEC-6ECE09D99B4C}.Debug|x86.Build.0 = Debug|Win32
		{47613424-43C3-4C28-ADEC-6ECE09D99B4C}.Release|x86.ActiveCfg = Release|Win32
		{47613424-43C3-4C28-ADEC-6ECE09D99B4C}.Release|x86.Build.0 = Release|Win32
		{47613424-43C3-4C28-ADEC-6ECE09D99B4C}.Template|x86.ActiveCfg = Template|Win32
		{47613424-43C3-4C28-ADEC-6ECE09D99B4C}.Template|x86.Build.0 = Template|Win32
		{415B3B82-ABEF-4558-95D6-0DE9E9F98CEE}.Debug|x86.ActiveCfg = Debug|Win32
		{415B3B82-ABEF-4558-95D6-0DE9E9F98CEE}.Debug|x86.Build.0 = Debug|Win32
		{415B3B82-ABEF-4558-95D6-0DE9E9F98CEE}.Release|x86.ActiveCfg = Release|Win32
		{415B3B82-ABEF-4558-95D6-0DE9E9F98CEE}.Release|x86.Build.0 = Release|Win32
		{415B3B82-ABEF-4558-95D6-0DE9E9F98CEE}.Template|x86.ActiveCfg = Template|Win32
		{415B3B82-ABEF-4558-95D6-0DE9E9F98CEE}.Template|x86.Build.0 = Template|Win32
		{D348133C-B49B-411A-8969-7CCD7B0F9860}.Debug|x86.ActiveCfg = Debug|Win32
		{D348133C-B49B-411A-8969-7CCD7B0F9860}.Debug|x86.Build.0 = Debug|Win32
		{D348133C-B49B-411A-8969-7CCD7B0F9860}.Release|x86.ActiveCfg = Release|Win32
		{D348133C-B49B-411A-8969-7CCD7B0F9860}.Release|x86.Build.0 = Release|Win32
		{D348133C-B49B-411A-8969-7CCD7B0F9860}.Template|x86.ActiveCfg = Template|Win32
		{D348133C-B49B-411A-8969-7CCD7B0F9860}.Template|x86.Build.0 = Template|Win32
		{439DBE1C-9378-4F71-91CF-05C3B3EE8375}.Debug|x86.ActiveCfg = Debug|Win32
		{439DBE1C-9378-4F71-91CF-05C3B3EE8375}.Debug|x86.Build.0 = Debug|Win32
		{439DBE1C-9378-4F71-91CF-05C3B3EE8375}.Release|x86.ActiveCfg = Release|Win32
		{439DBE1C-9378-4F71-91CF-05C3B3EE8375}.Release|x86.Build.0 = Release|Win32
		{439DBE1C-9378-4F71-91CF-05C3B3EE8375}.Template|x86.ActiveCfg = Template|Win32
		{439DBE1C-9378-4F71-91CF-05C3B3EE8375}.Template|x86.Build.0 = Template|Win32
		{401F0F18-4D82-457E-B0FE-3D2ED252A23E}.Debug|x86.ActiveCfg = Debug|Win32
		{401F0F18-4D82-457E-B0FE-3D2ED252A23E}.Debug|x86.Build.0 = Debug|Win32
		{401F0F18-4D82-457E-B0FE-3D2ED252A23E}.Release|x86.ActiveCfg = Release|Win32
		{401F0F18-4D82-457E-B0FE-3D2ED252A23E}.Release|x86.Build.0 = Release|Win32
		{401F0F18-4D82-457E-B0FE-3D2ED252A23E}.Template|x86.ActiveCfg = Template|Win32
		{401F0F18-4D82-457E-B0FE-3D2ED252A23E}.Template|x86.Build.0 = Template|Win32
		{BDE9C0AB-423E-4CC8-A845-4701CAD9877D}.Debug|x86.ActiveCfg = Debug|Win32
		{BDE9C0AB-423E-4CC8-A845-4701CAD9877D}.Debug|x86.Build.0 = Debug|Win32
		{BDE9C0AB-423E-4CC8-A845-4701CAD9877D}.Release|x86.ActiveCfg = Release|Win32
		{BDE9C0AB-423E-4CC8-A845-4701CAD9877D}.Release|x86.Build.0 = Release|Win32
		{BDE9C0AB-423E-4CC8-A845-4701CAD9877D}.Template|x86.ActiveCfg = Template|Win32
		{BDE9C0AB-423E-4CC8-A845-4701CAD9877D}.Template|x86.Build.0 = Template|Win32
		{088F06EF-F72A-4768-BAEC-31C805FD7BCE}.Debug|x86.ActiveCfg = Debug|Win32
		{088F06EF-F72A-4768-BAEC-31C805FD7BCE}.Debug|x86.Build.0 = Debug|Win32
		{088F06EF-F72A-4768-BAEC-31C805FD7BCE}.Release|x86.ActiveCfg = Release|Win32
		{088F06EF-F72A-4768-BAEC-31C805FD7BCE}.Release|x86.Build.0 = Release|Win32
		{088F06EF-F72A-4768-BAEC-31C805FD7BCE}.Template|x86.ActiveCfg = Template|Win32
		{088F06EF-F72A-4768-BAEC-31C805FD7BCE}.Template|x86.Build.0 = Template|Win32
		{25B9E434-D495-464E-991B-CD7C7B708560}.Debug|x86.ActiveCfg = Debug|Win32
		{25B9E434-D495-464E-991B-CD7C7B708560}.Debug|x86.Build.0 = Debug|Win32
		{25B9E434-D495-464E-991B-CD7C7B708560}.Release|x86.ActiveCfg = Release|Win32
		{25B9E434-D495-464E-991B-CD7C7B708560}.Release|x86.Build.0 = Release|Win32
		{25B9E434-D495-464E-991B-CD7C7B708560}.Template|x86.ActiveCfg = Template|Win32
		{25B9E434-D495-464E-991B-CD7C7B708560}.Template|x86.Build.0 = Template|Win32
		{9CB89F6D-3914-432E-9F0A-F4591049056C}.Debug|x86.ActiveCfg = Debug|Win32
		{9CB89F6D-3914-432E-9F0A-F4591049056C}.Debug|x86.Build.0 = Debug|Win32
		{9CB89F6D-3914-432E-9F0A-F4591049056C}.Release|x86.ActiveCfg = Release|Win32
		{9CB89F6D-3914-432E-9F0A-F4591049056C}.Release|x86.Build.0 = Release|Win32
		{9CB89F6D-3914-432E-9F0A-F4591049056C}.Template|x86.ActiveCfg = Template|Win32
		{9CB89F6D-3914-432E-9F0A-F4591049056C}.Template|x86.Build.0 = Template|Win32
		{BDA2FD42-B532-4C48-91C9-424B83BD247F}.Debug|x86.ActiveCfg = Debug|Win32
		{BDA2FD42-B532-4C48-91C9-424B83BD247F}.Debug|x86.Build.0 = Debug|Win32
		{BDA2FD42-B532-4C48-91C9-424B83BD247F}.Release|x86.ActiveCfg = Release|Win32
		{BDA2FD42-B532-4C48-91C9-424B83BD247F}.Release|x86.Build.0 = Release|Win32
		{BDA2FD42-B532-4C48-91C9-424B83BD247F}.Template|x86.ActiveCfg = Template|Win32
		{BDA2FD42-B532-4C48-91C9-424B83BD247F}.Template|x86.Build.0 = Template|Win32
		{36D62F6B-1B7B-43B3-97DC-EDA64483E4A6}.Debug|x86.ActiveCfg = Debug|Win32
		{36D62F6B-1B7B-43B3-97DC-EDA64483E4A6}.Debug|x86.Build.0 = Debug|Win32
		{36D62F6B-1B7B-43B3-97DC-EDA64483E4A6}.Release|x86.ActiveCfg = Release|Win32
		{36D62F6B-1B7B-43B3-97DC-EDA64483E4A6}.Release|x86.Build.0 = Release|Win32
		{36D62F6B-1B7B-43B3-97DC-EDA64483E4A6}.Template|x86.ActiveCfg = Template|Win32
		{36D62F6B-1B7B-43B3-97DC-EDA64483E4A6}.Template|x86.Build.0 = Template|Win32
		{A024F7FB-5635-491F-86B0-B3B8F72E5B5F}.Debug|x86.ActiveCfg = Debug|Win32
		{A024F7FB-5635-491F-86B0-B3B8F72E5B5F}.Debug|x86.Build.0 = Debug|Win32
		{A024F7FB-5635-491F-86B0-B3B8F72E5B5F}.Release|x86.ActiveCfg = Release|Win32
		{A024F7FB-5635-491F-86B0-B3B8F72E5B5F}.Release|x86.Build.0 = Release|Win32
		{A024F7FB-5635-491F-86B0-B3B8F72E5B5F}.Template|x86.ActiveCfg = Template|Win32
		{A024F7FB-5635-491F-86B0-B3B8F72E5B5F}.Template|x86.Build.0 = Template|Win32
		{49DACBB5-F7B9-4658-A9BE-370425B0526E}.Debug|x86.ActiveCfg = Debug|Win32
		{49DACBB5-F7B9-4658-A9BE-370425B0526E}.Debug|x86.Build.0 = Debug|Win32
		{49DACBB5-F7B9-4658-A9BE-370425B0526E}.Release|x86.ActiveCfg = Release|Win32
		{49DACBB5-F7B9-4658-A9BE-370425B0526E}.Release|x86.Build.0 = Release|Win32
		{49DACBB5-F7B9-4658-A9BE-370425B0526E}.Template|x86.ActiveCfg = Template|Win32
		{49DACBB5-F7B9-4658-A9BE-370425B0526E}.Template|x86.Build.0 = Template|Win32
		{1DA56C26-3926-4D4D-A0A4-EA2290156408}.Debug|x86.ActiveCfg = Debug|Win32
		{1DA56C26-3926-4D4D-A0A4-EA2290156408}.Debug|x86.Build.0 = Debug|Win32
		{1DA56C26-3926-4D4D-A0A4-EA2290156408}.Release|x86.ActiveCfg = Release|Win32
		{1DA56C26-3926-4D4D-A0A4-EA2290156408}.Release|x86.Build.0 = Release|Win32
		{1DA56C26-3926-4D4D-A0A4-EA2290156408}.Template|x86.ActiveCfg = Template|Win32
		{1DA56C26-3926-4D4D-A0A4-EA2290156408}.Template|x86.Build.0 = Template|Win32
		{AC0D261C-D877-425E-8509-B18289C6A744}.Debug|x86.ActiveCfg = Debug|Win32
		{AC0D261C-D877-425E-8509-B18289C6A744}.Debug|x86.Build.0 = Debug|Win32
		{AC0D261C-D877-425E-8509-B18289C6A744}.Release|x86.ActiveCfg = Release|Win32
		{AC0D261C-D877-425E-8509-B18289C6A744}.Release|x86.Build.0 = Release|Win32
		{AC0D261C-D877-425E-8509-B18289C6A744}.Template|x86.ActiveCfg = Template|Win32
		{AC0D261C-D877-425E-8509-B18289C6A744}.Template|x86.Build.0 = Template|Win32
		{2D094B41-7CEA-4C25-9015-C8AF30EA2DB9}.Debug|x86.ActiveCfg = Debug|Win32
		{2D094B41-7CEA-4C25-9015-C8AF30EA2DB9}.Debug|x86.Build.0 = Debug|Win32
		{2D094B41-7CEA-4C25-9015-C8AF30EA2DB9}.Release|x86.ActiveCfg = Release|Win32
		{2D094B41-7CEA-4C25-9015-C8AF30EA2DB9}.Release|x86.Build.0 = Release|Win32
		{2D094B41-7CEA-4C25-9015-C8AF30EA2DB9}.Template|x86.ActiveCfg = Template|Win32
		{2D094B41-7CEA-4C25-9015-C8AF30EA2DB9}.Template|x86.Build.0 = Template|Win32
		{B53FB34A-EB41-4986-93B7-1715F1C9F600}.Debug|x86.ActiveCfg = Debug|Win32
		{B53FB34A-EB41-4986-93B7-1715F1C9F600}.Debug|x86.Build.0 = Debug|Win32
		{B53FB34A-EB41-4986-93B7-1715F1C9F600}.Release|x86.ActiveCfg = Release|Win32
		{B53FB34A-EB41-4986-93B7-1715F1C9F600}.Release|x86.Build.0 = Release|Win32
		{B53FB34A-EB41-4986-93B7-1715F1C9F600}.Template|x86.ActiveCfg = Template|Win32
		{B53FB34A-EB41-4986-93B7-1715F1C9F600}.Template|x86.Build.0 = Template|Win32
		{0CA34DAE-7774-4CC9-8E0E-A26A2763125D}.Debug|x86.ActiveCfg = Debug|Win32
		{0CA34DAE-7774-4CC9-8E0E-A26A2763125D}.Debug|x86.Build.0 = Debug|Win32
		{0CA34DAE-7774-4CC9-8E0E-A26A2763125D}.Release|x86.ActiveCfg = Release|Win32
		{0CA34DAE-7774-4CC9-8E0E-A26A2763125D}.Release|x86.Build.0 = Release|Win32
		{0CA34DAE-7774-4CC9-8E0E-A26A2763125D}.Template|x86.ActiveCfg = Template|Win32
		{0CA34DAE-7774-4CC9-8E0E-A26A2763125D}.Template|x86.Build.0 = Template|Win32
		{2CCC0A69-EAED-4E2A-8599-AB5760DCD150}.Debug|x86.ActiveCfg = Debug|Win32
		{2CCC0A69-EAED-4E2A-8599-AB5760DCD150}.Debug|x86.Build.0 = Debug|Win32
		{2CCC0A69-EAED-4E2A-8599-AB5760DCD150}.Release|x86.ActiveCfg = Release|Win32
		{2CCC0A69-EAED-4E2A-8599-AB5760DCD150}.Release|x86.Build.0 = Release|Win32
		{2CCC0A69-EAED-4E2A-8599-AB5760DCD150}.Template|x86.ActiveCfg = Template|Win32
		{2CCC0A69-EAED-4E2A-8599-AB5760DCD150}.Template|x86.Build.0 = Template|Win32
		{62951E22-4BFB-4C5C-9152-DA7CEE996ADD}.Debug|x86.ActiveCfg = Debug|Win32
		{62951E22-4BFB-4C5C-9152-DA7CEE996ADD}.Debug|x86.Build.0 = Debug|Win32
		{62951E22-4BFB-4C5C-9152-DA7CEE996ADD}.Release|x86.ActiveCfg = Release|Win32
		{62951E22-4BFB-4C5C-9152-DA7CEE996ADD}.Release|x86.Build.0 = Release|Win32
		{62951E22-4BFB-4C5C-9152-DA7CEE996ADD}.Template|x86.ActiveCfg = Template|Win32
		{62951E22-4BFB-4C5C-9152-DA7CEE996ADD}.Template|x86.Build.0 = Template|Win32
		{64988E39-0CD0-4DBD-9C40-BA322E935C94}.Debug|x86.ActiveCfg = Debug|Win32
		{64988E39-0CD0-4DBD-9C40-BA322E935C94}.Debug|x86.Build.0 = Debug|Win32
		{64988E39-0CD0-4DBD-9C40-BA322E935C94}.Release|x86.ActiveCfg = Release|Win32
		{64988E39-0CD0-4DBD-9C40-BA322E935C94}.Release|x86.Build.0 = Release|Win32
		{64988E39-0CD0-4DBD-9C40-BA322E935C94}.Template|x86.ActiveCfg = Template|Win32
		{64988E39-0CD0-4DBD-9C40-BA322E935C94}.Template|x86.Build.0 = Template|Win32
		{FC4A1B23-ECCF-4A16-820C-39F4B6D51CE2}.Debug|x86.ActiveCfg = Debug|Win32
		{FC4A1B23-ECCF-4A16-820C-39F4B6D51CE2}.Debug|x86.Build.0 = Debug|Win32
		{FC4A1B23-ECCF-4A16-820C-39F4B6D51CE2}.Release|x86.ActiveCfg = Release|Win32
		{FC4A1B23-ECCF-4A16-820C-39F4B6D51CE2}.Release|x86.Build.0 = Release|Win32
		{FC4A1B23-ECCF-4A16-820C-39F4B6D51CE2}.Template|x86.ActiveCfg = Template|Win32
		{FC4A1B23-ECCF-4A16-820C-39F4B6D51CE2}.Template|x86.Build.0 = Template|Win32
		{6A624D1B-CB84-4143-B5D8-99E3CD41B87B}.Debug|x86.ActiveCfg = Debug|Win32
		{6A624D1B-CB84-4143-B5D8-99E3CD41B87B}.Debug|x86.Build.0 = Debug|Win32
		{6A624D1B-CB84-4143-B5D8-99E3CD41B87B}.Release|x86.ActiveCfg = Release|Win32
		{6A624D1B-CB84-4143-B5D8-99E3CD41B87B}.Release|x86.Build.0 = Release|Win32
		{6A624D1B-CB84-4143-B5D8-99E3CD41B87B}.Template|x86.ActiveCfg = Template|Win32
		{6A624D1B-CB84-4143-B5D8-99E3CD41B87B}.Template|x86.Build.0 = Template|Win32
		{06D312C7-0C54-4958-AD9A-CDFACF215040}.Debug|x86.ActiveCfg = Debug|Win32
		{06D312C7-0C54-4958-AD9A-CDFACF215040}.Debug|x86.Build.0 = Debug|Win32
		{06D312C7-0C54-4958-AD9A-CDFACF215040}.Release|x86.ActiveCfg = Release|Win32
		{06D312C7-0C54-4958-AD9A-CDFACF215040}.Release|x86.Build.0 = Release|Win32
		{06D312C7-0C54-4958-AD9A-CDFACF215040}.Template|x86.ActiveCfg = Template|Win32
		{06D312C7-0C54-4958-AD9A-CDFACF215040}.Template|x86.Build.0 = Template|Win32
	EndGlobalSection
	GlobalSection(SolutionProperties) = preSolution
		HideSolutionNode = FALSE
	EndGlobalSection
	GlobalSection(ExtensibilityGlobals) = postSolution
		SolutionGuid = {98F1C259-EB3E-4E3A-BC00-6C5686242A5F}
	EndGlobalSection
EndGlobal
